
Microsoft Visual Studio Solution File, Format Version 12.00
# Visual Studio Version 17
VisualStudioVersion = 17.10.35004.147
MinimumVisualStudioVersion = 10.0.40219.1
Project("{FAE04EC0-301F-11D3-BF4B-00C04F79EFBC}") = "WebApplication3", "WebApplication3\WebApplication3.csproj", "{2DE2927B-18D6-4FFA-BB3F-1E4E84B3C9FE}"
EndProject
Global
	GlobalSection(SolutionConfigurationPlatforms) = preSolution
		Debug|Any CPU = Debug|Any CPU
		Release|Any CPU = Release|Any CPU
	EndGlobalSection
	GlobalSection(ProjectConfigurationPlatforms) = postSolution
		{2DE2927B-18D6-4FFA-BB3F-1E4E84B3C9FE}.Debug|Any CPU.ActiveCfg = Debug|Any CPU
		{2DE2927B-18D6-4FFA-BB3F-1E4E84B3C9FE}.Debug|Any CPU.Build.0 = Debug|Any CPU
		{2DE2927B-18D6-4FFA-BB3F-1E4E84B3C9FE}.Release|Any CPU.ActiveCfg = Release|Any CPU
		{2DE2927B-18D6-4FFA-BB3F-1E4E84B3C9FE}.Release|Any CPU.Build.0 = Release|Any CPU
	EndGlobalSection
	GlobalSection(SolutionProperties) = preSolution
		HideSolutionNode = FALSE
	EndGlobalSection
	GlobalSection(ExtensibilityGlobals) = postSolution
		SolutionGuid = {5FA36B78-3809-4F79-A4AC-0BC511CA5158}
	EndGlobalSection
EndGlobal
